// !$*UTF8*$!
{
	archiveVersion = 1;
	classes = {
	};
	objectVersion = 55;
	objects = {

/* Begin PBXBuildFile section */
		79737BE5282F3CCD00A71494 /* PostsMainViewController.xib in Resources */ = {isa = PBXBuildFile; fileRef = 79737BE4282F3CCD00A71494 /* PostsMainViewController.xib */; };
		79737BE7282F3DDC00A71494 /* .swiftlint.yml in Resources */ = {isa = PBXBuildFile; fileRef = 79737BE6282F3DDC00A71494 /* .swiftlint.yml */; };
		79737BE9282F541000A71494 /* PostTableViewCell.swift in Sources */ = {isa = PBXBuildFile; fileRef = 79737BE8282F541000A71494 /* PostTableViewCell.swift */; };
		79737BEB282F541E00A71494 /* PostTableViewCell.xib in Resources */ = {isa = PBXBuildFile; fileRef = 79737BEA282F541D00A71494 /* PostTableViewCell.xib */; };
		79737BED282F6D8000A71494 /* PostsFeedDataSourceDelegate.swift in Sources */ = {isa = PBXBuildFile; fileRef = 79737BEC282F6D8000A71494 /* PostsFeedDataSourceDelegate.swift */; };
		79737BF6282F7B2E00A71494 /* DetailRouter.swift in Sources */ = {isa = PBXBuildFile; fileRef = 79737BF5282F7B2E00A71494 /* DetailRouter.swift */; };
		79737BF8282F7B9800A71494 /* DetailPresenter.swift in Sources */ = {isa = PBXBuildFile; fileRef = 79737BF7282F7B9800A71494 /* DetailPresenter.swift */; };
		79737BFA282F7BED00A71494 /* DetailMainViewController.swift in Sources */ = {isa = PBXBuildFile; fileRef = 79737BF9282F7BED00A71494 /* DetailMainViewController.swift */; };
		79737BFC282F7C2E00A71494 /* DetailInteractor.swift in Sources */ = {isa = PBXBuildFile; fileRef = 79737BFB282F7C2E00A71494 /* DetailInteractor.swift */; };
		79737BFE282F7D2500A71494 /* DetailMainViewController.xib in Resources */ = {isa = PBXBuildFile; fileRef = 79737BFD282F7D2500A71494 /* DetailMainViewController.xib */; };
		79737C012830641F00A71494 /* Services.swift in Sources */ = {isa = PBXBuildFile; fileRef = 79737C002830641F00A71494 /* Services.swift */; };
		79737C032830642A00A71494 /* ServicesDefinitions.swift in Sources */ = {isa = PBXBuildFile; fileRef = 79737C022830642A00A71494 /* ServicesDefinitions.swift */; };
		79B0E7E9282CB81B007F24E1 /* AppDelegate.swift in Sources */ = {isa = PBXBuildFile; fileRef = 79B0E7E8282CB81B007F24E1 /* AppDelegate.swift */; };
		79B0E7EB282CB81B007F24E1 /* SceneDelegate.swift in Sources */ = {isa = PBXBuildFile; fileRef = 79B0E7EA282CB81B007F24E1 /* SceneDelegate.swift */; };
		79B0E7F3282CB81B007F24E1 /* Zemoga.xcdatamodeld in Sources */ = {isa = PBXBuildFile; fileRef = 79B0E7F1282CB81B007F24E1 /* Zemoga.xcdatamodeld */; };
		79B0E7F5282CB81E007F24E1 /* Assets.xcassets in Resources */ = {isa = PBXBuildFile; fileRef = 79B0E7F4282CB81E007F24E1 /* Assets.xcassets */; };
		79B0E7F8282CB81E007F24E1 /* LaunchScreen.storyboard in Resources */ = {isa = PBXBuildFile; fileRef = 79B0E7F6282CB81E007F24E1 /* LaunchScreen.storyboard */; };
		79B0E80D282CB81E007F24E1 /* ZemogaUITests.swift in Sources */ = {isa = PBXBuildFile; fileRef = 79B0E80C282CB81E007F24E1 /* ZemogaUITests.swift */; };
		79B0E80F282CB81E007F24E1 /* ZemogaUITestsLaunchTests.swift in Sources */ = {isa = PBXBuildFile; fileRef = 79B0E80E282CB81E007F24E1 /* ZemogaUITestsLaunchTests.swift */; };
		79E89611283091CB0079A805 /* PostsUpdater.swift in Sources */ = {isa = PBXBuildFile; fileRef = 79E89610283091CB0079A805 /* PostsUpdater.swift */; };
		79E89614283092600079A805 /* Comment.swift in Sources */ = {isa = PBXBuildFile; fileRef = 79E89613283092600079A805 /* Comment.swift */; };
		79E896162830926D0079A805 /* User.swift in Sources */ = {isa = PBXBuildFile; fileRef = 79E896152830926D0079A805 /* User.swift */; };
		79E8961928316DF20079A805 /* UserTableViewCell.swift in Sources */ = {isa = PBXBuildFile; fileRef = 79E8961828316DF20079A805 /* UserTableViewCell.swift */; };
		79E8961B28316E110079A805 /* CommentViewCell.swift in Sources */ = {isa = PBXBuildFile; fileRef = 79E8961A28316E110079A805 /* CommentViewCell.swift */; };
		79E8961D28316E660079A805 /* UserTableViewCell.xib in Resources */ = {isa = PBXBuildFile; fileRef = 79E8961C28316E660079A805 /* UserTableViewCell.xib */; };
		79E8961F28316E7C0079A805 /* CommentViewCell.xib in Resources */ = {isa = PBXBuildFile; fileRef = 79E8961E28316E7C0079A805 /* CommentViewCell.xib */; };
		79E8962128316FB00079A805 /* DetailFeedDataSourceDelegate.swift in Sources */ = {isa = PBXBuildFile; fileRef = 79E8962028316FB00079A805 /* DetailFeedDataSourceDelegate.swift */; };
		79E896242831AA650079A805 /* AnySection.swift in Sources */ = {isa = PBXBuildFile; fileRef = 79E896232831AA650079A805 /* AnySection.swift */; };
		79E896262831AAC10079A805 /* CommentsSectionDetail.swift in Sources */ = {isa = PBXBuildFile; fileRef = 79E896252831AAC10079A805 /* CommentsSectionDetail.swift */; };
		79E896282831AB010079A805 /* UserSectionDetail.swift in Sources */ = {isa = PBXBuildFile; fileRef = 79E896272831AB010079A805 /* UserSectionDetail.swift */; };
		79E8962B2832CD890079A805 /* Alertable.swift in Sources */ = {isa = PBXBuildFile; fileRef = 79E8962A2832CD890079A805 /* Alertable.swift */; };
		79E8962D2833004C0079A805 /* PostSectionDetail.swift in Sources */ = {isa = PBXBuildFile; fileRef = 79E8962C2833004C0079A805 /* PostSectionDetail.swift */; };
		79E8962F283300C70079A805 /* PostDetailTableViewCell.swift in Sources */ = {isa = PBXBuildFile; fileRef = 79E8962E283300C70079A805 /* PostDetailTableViewCell.swift */; };
		79E89631283300D10079A805 /* PostDetailTableViewCell.xib in Resources */ = {isa = PBXBuildFile; fileRef = 79E89630283300D10079A805 /* PostDetailTableViewCell.xib */; };
		79E8963328332B410079A805 /* PostsInteractorTests.swift in Sources */ = {isa = PBXBuildFile; fileRef = 79E8963228332B410079A805 /* PostsInteractorTests.swift */; };
		79E8963628332C530079A805 /* FakePostServices.swift in Sources */ = {isa = PBXBuildFile; fileRef = 79E8963528332C530079A805 /* FakePostServices.swift */; };
		79E89639283337810079A805 /* .swiftlint.yml in Resources */ = {isa = PBXBuildFile; fileRef = 79E89638283337810079A805 /* .swiftlint.yml */; };
		79E8963B28334C6B0079A805 /* README.md in Resources */ = {isa = PBXBuildFile; fileRef = 79E8963A28334C6B0079A805 /* README.md */; };
		79ED4093282CB92D00614A5E /* PostsInteractor.swift in Sources */ = {isa = PBXBuildFile; fileRef = 79ED4092282CB92D00614A5E /* PostsInteractor.swift */; };
		79ED4099282CB98D00614A5E /* PostsPresenter.swift in Sources */ = {isa = PBXBuildFile; fileRef = 79ED4098282CB98D00614A5E /* PostsPresenter.swift */; };
		79ED409B282CB99F00614A5E /* PostsRouter.swift in Sources */ = {isa = PBXBuildFile; fileRef = 79ED409A282CB99F00614A5E /* PostsRouter.swift */; };
		79ED409D282CB9B500614A5E /* PostsMainViewController.swift in Sources */ = {isa = PBXBuildFile; fileRef = 79ED409C282CB9B500614A5E /* PostsMainViewController.swift */; };
		79ED40A1282CBB8100614A5E /* Post.swift in Sources */ = {isa = PBXBuildFile; fileRef = 79ED40A0282CBB8100614A5E /* Post.swift */; };
		79ED40A3282CBE4E00614A5E /* NetworkErrors.swift in Sources */ = {isa = PBXBuildFile; fileRef = 79ED40A2282CBE4E00614A5E /* NetworkErrors.swift */; };
/* End PBXBuildFile section */

/* Begin PBXContainerItemProxy section */
		79B0E7FF282CB81E007F24E1 /* PBXContainerItemProxy */ = {
			isa = PBXContainerItemProxy;
			containerPortal = 79B0E7DD282CB81B007F24E1 /* Project object */;
			proxyType = 1;
			remoteGlobalIDString = 79B0E7E4282CB81B007F24E1;
			remoteInfo = Zemoga;
		};
		79B0E809282CB81E007F24E1 /* PBXContainerItemProxy */ = {
			isa = PBXContainerItemProxy;
			containerPortal = 79B0E7DD282CB81B007F24E1 /* Project object */;
			proxyType = 1;
			remoteGlobalIDString = 79B0E7E4282CB81B007F24E1;
			remoteInfo = Zemoga;
		};
/* End PBXContainerItemProxy section */

/* Begin PBXFileReference section */
		79737BE4282F3CCD00A71494 /* PostsMainViewController.xib */ = {isa = PBXFileReference; lastKnownFileType = file.xib; path = PostsMainViewController.xib; sourceTree = "<group>"; };
		79737BE6282F3DDC00A71494 /* .swiftlint.yml */ = {isa = PBXFileReference; lastKnownFileType = text.yaml; path = .swiftlint.yml; sourceTree = "<group>"; };
		79737BE8282F541000A71494 /* PostTableViewCell.swift */ = {isa = PBXFileReference; lastKnownFileType = sourcecode.swift; path = PostTableViewCell.swift; sourceTree = "<group>"; };
		79737BEA282F541D00A71494 /* PostTableViewCell.xib */ = {isa = PBXFileReference; lastKnownFileType = file.xib; path = PostTableViewCell.xib; sourceTree = "<group>"; };
		79737BEC282F6D8000A71494 /* PostsFeedDataSourceDelegate.swift */ = {isa = PBXFileReference; lastKnownFileType = sourcecode.swift; path = PostsFeedDataSourceDelegate.swift; sourceTree = "<group>"; };
		79737BF5282F7B2E00A71494 /* DetailRouter.swift */ = {isa = PBXFileReference; lastKnownFileType = sourcecode.swift; path = DetailRouter.swift; sourceTree = "<group>"; };
		79737BF7282F7B9800A71494 /* DetailPresenter.swift */ = {isa = PBXFileReference; lastKnownFileType = sourcecode.swift; path = DetailPresenter.swift; sourceTree = "<group>"; };
		79737BF9282F7BED00A71494 /* DetailMainViewController.swift */ = {isa = PBXFileReference; lastKnownFileType = sourcecode.swift; path = DetailMainViewController.swift; sourceTree = "<group>"; };
		79737BFB282F7C2E00A71494 /* DetailInteractor.swift */ = {isa = PBXFileReference; lastKnownFileType = sourcecode.swift; path = DetailInteractor.swift; sourceTree = "<group>"; };
		79737BFD282F7D2500A71494 /* DetailMainViewController.xib */ = {isa = PBXFileReference; lastKnownFileType = file.xib; path = DetailMainViewController.xib; sourceTree = "<group>"; };
		79737C002830641F00A71494 /* Services.swift */ = {isa = PBXFileReference; lastKnownFileType = sourcecode.swift; path = Services.swift; sourceTree = "<group>"; };
		79737C022830642A00A71494 /* ServicesDefinitions.swift */ = {isa = PBXFileReference; lastKnownFileType = sourcecode.swift; path = ServicesDefinitions.swift; sourceTree = "<group>"; };
		79B0E7E5282CB81B007F24E1 /* Zemoga.app */ = {isa = PBXFileReference; explicitFileType = wrapper.application; includeInIndex = 0; path = Zemoga.app; sourceTree = BUILT_PRODUCTS_DIR; };
		79B0E7E8282CB81B007F24E1 /* AppDelegate.swift */ = {isa = PBXFileReference; lastKnownFileType = sourcecode.swift; path = AppDelegate.swift; sourceTree = "<group>"; };
		79B0E7EA282CB81B007F24E1 /* SceneDelegate.swift */ = {isa = PBXFileReference; lastKnownFileType = sourcecode.swift; path = SceneDelegate.swift; sourceTree = "<group>"; };
		79B0E7F2282CB81B007F24E1 /* Zemoga.xcdatamodel */ = {isa = PBXFileReference; lastKnownFileType = wrapper.xcdatamodel; path = Zemoga.xcdatamodel; sourceTree = "<group>"; };
		79B0E7F4282CB81E007F24E1 /* Assets.xcassets */ = {isa = PBXFileReference; lastKnownFileType = folder.assetcatalog; path = Assets.xcassets; sourceTree = "<group>"; };
		79B0E7F7282CB81E007F24E1 /* Base */ = {isa = PBXFileReference; lastKnownFileType = file.storyboard; name = Base; path = Base.lproj/LaunchScreen.storyboard; sourceTree = "<group>"; };
		79B0E7F9282CB81E007F24E1 /* Info.plist */ = {isa = PBXFileReference; lastKnownFileType = text.plist.xml; path = Info.plist; sourceTree = "<group>"; };
		79B0E7FE282CB81E007F24E1 /* ZemogaTests.xctest */ = {isa = PBXFileReference; explicitFileType = wrapper.cfbundle; includeInIndex = 0; path = ZemogaTests.xctest; sourceTree = BUILT_PRODUCTS_DIR; };
		79B0E808282CB81E007F24E1 /* ZemogaUITests.xctest */ = {isa = PBXFileReference; explicitFileType = wrapper.cfbundle; includeInIndex = 0; path = ZemogaUITests.xctest; sourceTree = BUILT_PRODUCTS_DIR; };
		79B0E80C282CB81E007F24E1 /* ZemogaUITests.swift */ = {isa = PBXFileReference; lastKnownFileType = sourcecode.swift; path = ZemogaUITests.swift; sourceTree = "<group>"; };
		79B0E80E282CB81E007F24E1 /* ZemogaUITestsLaunchTests.swift */ = {isa = PBXFileReference; lastKnownFileType = sourcecode.swift; path = ZemogaUITestsLaunchTests.swift; sourceTree = "<group>"; };
		79E89610283091CB0079A805 /* PostsUpdater.swift */ = {isa = PBXFileReference; lastKnownFileType = sourcecode.swift; path = PostsUpdater.swift; sourceTree = "<group>"; };
		79E89613283092600079A805 /* Comment.swift */ = {isa = PBXFileReference; lastKnownFileType = sourcecode.swift; path = Comment.swift; sourceTree = "<group>"; };
		79E896152830926D0079A805 /* User.swift */ = {isa = PBXFileReference; lastKnownFileType = sourcecode.swift; path = User.swift; sourceTree = "<group>"; };
		79E8961828316DF20079A805 /* UserTableViewCell.swift */ = {isa = PBXFileReference; lastKnownFileType = sourcecode.swift; path = UserTableViewCell.swift; sourceTree = "<group>"; };
		79E8961A28316E110079A805 /* CommentViewCell.swift */ = {isa = PBXFileReference; lastKnownFileType = sourcecode.swift; path = CommentViewCell.swift; sourceTree = "<group>"; };
		79E8961C28316E660079A805 /* UserTableViewCell.xib */ = {isa = PBXFileReference; lastKnownFileType = file.xib; path = UserTableViewCell.xib; sourceTree = "<group>"; };
		79E8961E28316E7C0079A805 /* CommentViewCell.xib */ = {isa = PBXFileReference; lastKnownFileType = file.xib; path = CommentViewCell.xib; sourceTree = "<group>"; };
		79E8962028316FB00079A805 /* DetailFeedDataSourceDelegate.swift */ = {isa = PBXFileReference; lastKnownFileType = sourcecode.swift; path = DetailFeedDataSourceDelegate.swift; sourceTree = "<group>"; };
		79E896232831AA650079A805 /* AnySection.swift */ = {isa = PBXFileReference; lastKnownFileType = sourcecode.swift; path = AnySection.swift; sourceTree = "<group>"; };
		79E896252831AAC10079A805 /* CommentsSectionDetail.swift */ = {isa = PBXFileReference; lastKnownFileType = sourcecode.swift; path = CommentsSectionDetail.swift; sourceTree = "<group>"; };
		79E896272831AB010079A805 /* UserSectionDetail.swift */ = {isa = PBXFileReference; lastKnownFileType = sourcecode.swift; path = UserSectionDetail.swift; sourceTree = "<group>"; };
		79E8962A2832CD890079A805 /* Alertable.swift */ = {isa = PBXFileReference; lastKnownFileType = sourcecode.swift; path = Alertable.swift; sourceTree = "<group>"; };
		79E8962C2833004C0079A805 /* PostSectionDetail.swift */ = {isa = PBXFileReference; lastKnownFileType = sourcecode.swift; path = PostSectionDetail.swift; sourceTree = "<group>"; };
		79E8962E283300C70079A805 /* PostDetailTableViewCell.swift */ = {isa = PBXFileReference; lastKnownFileType = sourcecode.swift; path = PostDetailTableViewCell.swift; sourceTree = "<group>"; };
		79E89630283300D10079A805 /* PostDetailTableViewCell.xib */ = {isa = PBXFileReference; lastKnownFileType = file.xib; path = PostDetailTableViewCell.xib; sourceTree = "<group>"; };
		79E8963228332B410079A805 /* PostsInteractorTests.swift */ = {isa = PBXFileReference; lastKnownFileType = sourcecode.swift; path = PostsInteractorTests.swift; sourceTree = "<group>"; };
		79E8963528332C530079A805 /* FakePostServices.swift */ = {isa = PBXFileReference; lastKnownFileType = sourcecode.swift; path = FakePostServices.swift; sourceTree = "<group>"; };
		79E89638283337810079A805 /* .swiftlint.yml */ = {isa = PBXFileReference; lastKnownFileType = text.yaml; path = .swiftlint.yml; sourceTree = "<group>"; };
		79E8963A28334C6B0079A805 /* README.md */ = {isa = PBXFileReference; fileEncoding = 4; lastKnownFileType = net.daringfireball.markdown; path = README.md; sourceTree = "<group>"; };
		79ED4092282CB92D00614A5E /* PostsInteractor.swift */ = {isa = PBXFileReference; lastKnownFileType = sourcecode.swift; path = PostsInteractor.swift; sourceTree = "<group>"; };
		79ED4098282CB98D00614A5E /* PostsPresenter.swift */ = {isa = PBXFileReference; lastKnownFileType = sourcecode.swift; path = PostsPresenter.swift; sourceTree = "<group>"; };
		79ED409A282CB99F00614A5E /* PostsRouter.swift */ = {isa = PBXFileReference; lastKnownFileType = sourcecode.swift; path = PostsRouter.swift; sourceTree = "<group>"; };
		79ED409C282CB9B500614A5E /* PostsMainViewController.swift */ = {isa = PBXFileReference; lastKnownFileType = sourcecode.swift; path = PostsMainViewController.swift; sourceTree = "<group>"; };
		79ED40A0282CBB8100614A5E /* Post.swift */ = {isa = PBXFileReference; lastKnownFileType = sourcecode.swift; path = Post.swift; sourceTree = "<group>"; };
		79ED40A2282CBE4E00614A5E /* NetworkErrors.swift */ = {isa = PBXFileReference; lastKnownFileType = sourcecode.swift; path = NetworkErrors.swift; sourceTree = "<group>"; };
/* End PBXFileReference section */

/* Begin PBXFrameworksBuildPhase section */
		79B0E7E2282CB81B007F24E1 /* Frameworks */ = {
			isa = PBXFrameworksBuildPhase;
			buildActionMask = 2147483647;
			files = (
			);
			runOnlyForDeploymentPostprocessing = 0;
		};
		79B0E7FB282CB81E007F24E1 /* Frameworks */ = {
			isa = PBXFrameworksBuildPhase;
			buildActionMask = 2147483647;
			files = (
			);
			runOnlyForDeploymentPostprocessing = 0;
		};
		79B0E805282CB81E007F24E1 /* Frameworks */ = {
			isa = PBXFrameworksBuildPhase;
			buildActionMask = 2147483647;
			files = (
			);
			runOnlyForDeploymentPostprocessing = 0;
		};
/* End PBXFrameworksBuildPhase section */

/* Begin PBXGroup section */
		79737BEE282F7AA800A71494 /* Detail */ = {
			isa = PBXGroup;
			children = (
				79737BF0282F7AC000A71494 /* UI */,
				79737BEF282F7AB700A71494 /* Core */,
			);
			path = Detail;
			sourceTree = "<group>";
		};
		79737BEF282F7AB700A71494 /* Core */ = {
			isa = PBXGroup;
			children = (
				79E89622283195D70079A805 /* Models */,
				79737BF1282F7AD200A71494 /* Interactor */,
			);
			path = Core;
			sourceTree = "<group>";
		};
		79737BF0282F7AC000A71494 /* UI */ = {
			isa = PBXGroup;
			children = (
				79E8961728316DD20079A805 /* CustomView */,
				79737BF4282F7AF200A71494 /* Presenter */,
				79737BF3282F7AE900A71494 /* ViewController */,
				79737BF2282F7ADE00A71494 /* Router */,
			);
			path = UI;
			sourceTree = "<group>";
		};
		79737BF1282F7AD200A71494 /* Interactor */ = {
			isa = PBXGroup;
			children = (
				79737BFB282F7C2E00A71494 /* DetailInteractor.swift */,
			);
			path = Interactor;
			sourceTree = "<group>";
		};
		79737BF2282F7ADE00A71494 /* Router */ = {
			isa = PBXGroup;
			children = (
				79737BF5282F7B2E00A71494 /* DetailRouter.swift */,
			);
			path = Router;
			sourceTree = "<group>";
		};
		79737BF3282F7AE900A71494 /* ViewController */ = {
			isa = PBXGroup;
			children = (
				79737BF9282F7BED00A71494 /* DetailMainViewController.swift */,
				79737BFD282F7D2500A71494 /* DetailMainViewController.xib */,
			);
			path = ViewController;
			sourceTree = "<group>";
		};
		79737BF4282F7AF200A71494 /* Presenter */ = {
			isa = PBXGroup;
			children = (
				79737BF7282F7B9800A71494 /* DetailPresenter.swift */,
				79E8962028316FB00079A805 /* DetailFeedDataSourceDelegate.swift */,
			);
			path = Presenter;
			sourceTree = "<group>";
		};
		79737BFF2830640800A71494 /* Shared */ = {
			isa = PBXGroup;
			children = (
				79E896292832CCE90079A805 /* Tools */,
				79E8960F283091B70079A805 /* Models */,
				79E8960E283091AE0079A805 /* Services */,
			);
			path = Shared;
			sourceTree = "<group>";
		};
		79B0E7DC282CB81B007F24E1 = {
			isa = PBXGroup;
			children = (
				79B0E7E7282CB81B007F24E1 /* Zemoga */,
				79B0E801282CB81E007F24E1 /* ZemogaTests */,
				79B0E80B282CB81E007F24E1 /* ZemogaUITests */,
				79B0E7E6282CB81B007F24E1 /* Products */,
			);
			sourceTree = "<group>";
		};
		79B0E7E6282CB81B007F24E1 /* Products */ = {
			isa = PBXGroup;
			children = (
				79B0E7E5282CB81B007F24E1 /* Zemoga.app */,
				79B0E7FE282CB81E007F24E1 /* ZemogaTests.xctest */,
				79B0E808282CB81E007F24E1 /* ZemogaUITests.xctest */,
			);
			name = Products;
			sourceTree = "<group>";
		};
		79B0E7E7282CB81B007F24E1 /* Zemoga */ = {
			isa = PBXGroup;
			children = (
				79737BFF2830640800A71494 /* Shared */,
				79737BEE282F7AA800A71494 /* Detail */,
				79ED408F282CB8DE00614A5E /* Posts */,
				79B0E7E8282CB81B007F24E1 /* AppDelegate.swift */,
				79B0E7EA282CB81B007F24E1 /* SceneDelegate.swift */,
				79737BE6282F3DDC00A71494 /* .swiftlint.yml */,
				79E8963A28334C6B0079A805 /* README.md */,
				79B0E7F4282CB81E007F24E1 /* Assets.xcassets */,
				79B0E7F6282CB81E007F24E1 /* LaunchScreen.storyboard */,
				79B0E7F9282CB81E007F24E1 /* Info.plist */,
				79B0E7F1282CB81B007F24E1 /* Zemoga.xcdatamodeld */,
			);
			path = Zemoga;
			sourceTree = "<group>";
		};
		79B0E801282CB81E007F24E1 /* ZemogaTests */ = {
			isa = PBXGroup;
			children = (
				79E8963428332C2B0079A805 /* Stubs */,
				79E8963228332B410079A805 /* PostsInteractorTests.swift */,
				79E89638283337810079A805 /* .swiftlint.yml */,
			);
			path = ZemogaTests;
			sourceTree = "<group>";
		};
		79B0E80B282CB81E007F24E1 /* ZemogaUITests */ = {
			isa = PBXGroup;
			children = (
				79B0E80C282CB81E007F24E1 /* ZemogaUITests.swift */,
				79B0E80E282CB81E007F24E1 /* ZemogaUITestsLaunchTests.swift */,
			);
			path = ZemogaUITests;
			sourceTree = "<group>";
		};
		79E8960E283091AE0079A805 /* Services */ = {
			isa = PBXGroup;
			children = (
				79737C002830641F00A71494 /* Services.swift */,
				79737C022830642A00A71494 /* ServicesDefinitions.swift */,
			);
			path = Services;
			sourceTree = "<group>";
		};
		79E8960F283091B70079A805 /* Models */ = {
			isa = PBXGroup;
			children = (
				79ED40A0282CBB8100614A5E /* Post.swift */,
				79ED40A2282CBE4E00614A5E /* NetworkErrors.swift */,
				79E89610283091CB0079A805 /* PostsUpdater.swift */,
				79E89613283092600079A805 /* Comment.swift */,
				79E896152830926D0079A805 /* User.swift */,
				79E896232831AA650079A805 /* AnySection.swift */,
			);
			path = Models;
			sourceTree = "<group>";
		};
		79E8961728316DD20079A805 /* CustomView */ = {
			isa = PBXGroup;
			children = (
				79E8961828316DF20079A805 /* UserTableViewCell.swift */,
				79E8961A28316E110079A805 /* CommentViewCell.swift */,
				79E8961C28316E660079A805 /* UserTableViewCell.xib */,
				79E8961E28316E7C0079A805 /* CommentViewCell.xib */,
				79E8962E283300C70079A805 /* PostDetailTableViewCell.swift */,
				79E89630283300D10079A805 /* PostDetailTableViewCell.xib */,
			);
			path = CustomView;
			sourceTree = "<group>";
		};
		79E89622283195D70079A805 /* Models */ = {
			isa = PBXGroup;
			children = (
				79E896252831AAC10079A805 /* CommentsSectionDetail.swift */,
				79E896272831AB010079A805 /* UserSectionDetail.swift */,
				79E8962C2833004C0079A805 /* PostSectionDetail.swift */,
			);
			path = Models;
			sourceTree = "<group>";
		};
		79E896292832CCE90079A805 /* Tools */ = {
			isa = PBXGroup;
			children = (
				79E8962A2832CD890079A805 /* Alertable.swift */,
			);
			path = Tools;
			sourceTree = "<group>";
		};
		79E8963428332C2B0079A805 /* Stubs */ = {
			isa = PBXGroup;
			children = (
				79E8963528332C530079A805 /* FakePostServices.swift */,
			);
			path = Stubs;
			sourceTree = "<group>";
		};
		79ED408F282CB8DE00614A5E /* Posts */ = {
			isa = PBXGroup;
			children = (
				79ED4091282CB8FF00614A5E /* Core */,
				79ED4090282CB8FA00614A5E /* UI */,
			);
			path = Posts;
			sourceTree = "<group>";
		};
		79ED4090282CB8FA00614A5E /* UI */ = {
			isa = PBXGroup;
			children = (
				79ED4097282CB96E00614A5E /* CustomView */,
				79ED4096282CB96200614A5E /* ViewController */,
				79ED4095282CB95B00614A5E /* Router */,
				79ED4094282CB94A00614A5E /* Presenter */,
			);
			path = UI;
			sourceTree = "<group>";
		};
		79ED4091282CB8FF00614A5E /* Core */ = {
			isa = PBXGroup;
			children = (
				79ED409E282CBB6700614A5E /* Interactor */,
			);
			path = Core;
			sourceTree = "<group>";
		};
		79ED4094282CB94A00614A5E /* Presenter */ = {
			isa = PBXGroup;
			children = (
				79ED4098282CB98D00614A5E /* PostsPresenter.swift */,
				79737BEC282F6D8000A71494 /* PostsFeedDataSourceDelegate.swift */,
			);
			path = Presenter;
			sourceTree = "<group>";
		};
		79ED4095282CB95B00614A5E /* Router */ = {
			isa = PBXGroup;
			children = (
				79ED409A282CB99F00614A5E /* PostsRouter.swift */,
			);
			path = Router;
			sourceTree = "<group>";
		};
		79ED4096282CB96200614A5E /* ViewController */ = {
			isa = PBXGroup;
			children = (
				79ED409C282CB9B500614A5E /* PostsMainViewController.swift */,
				79737BE4282F3CCD00A71494 /* PostsMainViewController.xib */,
			);
			path = ViewController;
			sourceTree = "<group>";
		};
		79ED4097282CB96E00614A5E /* CustomView */ = {
			isa = PBXGroup;
			children = (
				79737BE8282F541000A71494 /* PostTableViewCell.swift */,
				79737BEA282F541D00A71494 /* PostTableViewCell.xib */,
			);
			path = CustomView;
			sourceTree = "<group>";
		};
		79ED409E282CBB6700614A5E /* Interactor */ = {
			isa = PBXGroup;
			children = (
				79ED4092282CB92D00614A5E /* PostsInteractor.swift */,
			);
			path = Interactor;
			sourceTree = "<group>";
		};
/* End PBXGroup section */

/* Begin PBXNativeTarget section */
		79B0E7E4282CB81B007F24E1 /* Zemoga */ = {
			isa = PBXNativeTarget;
			buildConfigurationList = 79B0E812282CB81E007F24E1 /* Build configuration list for PBXNativeTarget "Zemoga" */;
			buildPhases = (
				79B0E7E1282CB81B007F24E1 /* Sources */,
				79B0E7E2282CB81B007F24E1 /* Frameworks */,
				79B0E7E3282CB81B007F24E1 /* Resources */,
				79ED408E282CB88400614A5E /* Run Swift-lint */,
			);
			buildRules = (
			);
			dependencies = (
			);
			name = Zemoga;
			productName = Zemoga;
			productReference = 79B0E7E5282CB81B007F24E1 /* Zemoga.app */;
			productType = "com.apple.product-type.application";
		};
		79B0E7FD282CB81E007F24E1 /* ZemogaTests */ = {
			isa = PBXNativeTarget;
			buildConfigurationList = 79B0E815282CB81E007F24E1 /* Build configuration list for PBXNativeTarget "ZemogaTests" */;
			buildPhases = (
				79B0E7FA282CB81E007F24E1 /* Sources */,
				79B0E7FB282CB81E007F24E1 /* Frameworks */,
				79B0E7FC282CB81E007F24E1 /* Resources */,
			);
			buildRules = (
			);
			dependencies = (
				79B0E800282CB81E007F24E1 /* PBXTargetDependency */,
			);
			name = ZemogaTests;
			productName = ZemogaTests;
			productReference = 79B0E7FE282CB81E007F24E1 /* ZemogaTests.xctest */;
			productType = "com.apple.product-type.bundle.unit-test";
		};
		79B0E807282CB81E007F24E1 /* ZemogaUITests */ = {
			isa = PBXNativeTarget;
			buildConfigurationList = 79B0E818282CB81E007F24E1 /* Build configuration list for PBXNativeTarget "ZemogaUITests" */;
			buildPhases = (
				79B0E804282CB81E007F24E1 /* Sources */,
				79B0E805282CB81E007F24E1 /* Frameworks */,
				79B0E806282CB81E007F24E1 /* Resources */,
			);
			buildRules = (
			);
			dependencies = (
				79B0E80A282CB81E007F24E1 /* PBXTargetDependency */,
			);
			name = ZemogaUITests;
			productName = ZemogaUITests;
			productReference = 79B0E808282CB81E007F24E1 /* ZemogaUITests.xctest */;
			productType = "com.apple.product-type.bundle.ui-testing";
		};
/* End PBXNativeTarget section */

/* Begin PBXProject section */
		79B0E7DD282CB81B007F24E1 /* Project object */ = {
			isa = PBXProject;
			attributes = {
				BuildIndependentTargetsInParallel = 1;
				LastSwiftUpdateCheck = 1330;
				LastUpgradeCheck = 1330;
				TargetAttributes = {
					79B0E7E4282CB81B007F24E1 = {
						CreatedOnToolsVersion = 13.3.1;
					};
					79B0E7FD282CB81E007F24E1 = {
						CreatedOnToolsVersion = 13.3.1;
						TestTargetID = 79B0E7E4282CB81B007F24E1;
					};
					79B0E807282CB81E007F24E1 = {
						CreatedOnToolsVersion = 13.3.1;
						TestTargetID = 79B0E7E4282CB81B007F24E1;
					};
				};
			};
			buildConfigurationList = 79B0E7E0282CB81B007F24E1 /* Build configuration list for PBXProject "Zemoga" */;
			compatibilityVersion = "Xcode 13.0";
			developmentRegion = en;
			hasScannedForEncodings = 0;
			knownRegions = (
				en,
				Base,
			);
			mainGroup = 79B0E7DC282CB81B007F24E1;
			productRefGroup = 79B0E7E6282CB81B007F24E1 /* Products */;
			projectDirPath = "";
			projectRoot = "";
			targets = (
				79B0E7E4282CB81B007F24E1 /* Zemoga */,
				79B0E7FD282CB81E007F24E1 /* ZemogaTests */,
				79B0E807282CB81E007F24E1 /* ZemogaUITests */,
			);
		};
/* End PBXProject section */

/* Begin PBXResourcesBuildPhase section */
		79B0E7E3282CB81B007F24E1 /* Resources */ = {
			isa = PBXResourcesBuildPhase;
			buildActionMask = 2147483647;
			files = (
				79E8961F28316E7C0079A805 /* CommentViewCell.xib in Resources */,
				79E8961D28316E660079A805 /* UserTableViewCell.xib in Resources */,
				79E8963B28334C6B0079A805 /* README.md in Resources */,
				79737BEB282F541E00A71494 /* PostTableViewCell.xib in Resources */,
				79E89631283300D10079A805 /* PostDetailTableViewCell.xib in Resources */,
				79737BE7282F3DDC00A71494 /* .swiftlint.yml in Resources */,
				79737BFE282F7D2500A71494 /* DetailMainViewController.xib in Resources */,
				79B0E7F8282CB81E007F24E1 /* LaunchScreen.storyboard in Resources */,
				79737BE5282F3CCD00A71494 /* PostsMainViewController.xib in Resources */,
				79B0E7F5282CB81E007F24E1 /* Assets.xcassets in Resources */,
			);
			runOnlyForDeploymentPostprocessing = 0;
		};
		79B0E7FC282CB81E007F24E1 /* Resources */ = {
			isa = PBXResourcesBuildPhase;
			buildActionMask = 2147483647;
			files = (
				79E89639283337810079A805 /* .swiftlint.yml in Resources */,
			);
			runOnlyForDeploymentPostprocessing = 0;
		};
		79B0E806282CB81E007F24E1 /* Resources */ = {
			isa = PBXResourcesBuildPhase;
			buildActionMask = 2147483647;
			files = (
			);
			runOnlyForDeploymentPostprocessing = 0;
		};
/* End PBXResourcesBuildPhase section */

/* Begin PBXShellScriptBuildPhase section */
		79ED408E282CB88400614A5E /* Run Swift-lint */ = {
			isa = PBXShellScriptBuildPhase;
			buildActionMask = 2147483647;
			files = (
			);
			inputFileListPaths = (
			);
			inputPaths = (
			);
			name = "Run Swift-lint";
			outputFileListPaths = (
			);
			outputPaths = (
			);
			runOnlyForDeploymentPostprocessing = 0;
			shellPath = /bin/sh;
			shellScript = "if which swiftlint >/dev/null; then\n  swiftlint\nelse\n  echo \"warning: SwiftLint not installed, download from https://github.com/realm/SwiftLint\"\nfi\n";
		};
/* End PBXShellScriptBuildPhase section */

/* Begin PBXSourcesBuildPhase section */
		79B0E7E1282CB81B007F24E1 /* Sources */ = {
			isa = PBXSourcesBuildPhase;
			buildActionMask = 2147483647;
			files = (
				79E8962B2832CD890079A805 /* Alertable.swift in Sources */,
				79ED409B282CB99F00614A5E /* PostsRouter.swift in Sources */,
				79E896262831AAC10079A805 /* CommentsSectionDetail.swift in Sources */,
				79E8962128316FB00079A805 /* DetailFeedDataSourceDelegate.swift in Sources */,
				79737BE9282F541000A71494 /* PostTableViewCell.swift in Sources */,
				79737BFA282F7BED00A71494 /* DetailMainViewController.swift in Sources */,
				79737BED282F6D8000A71494 /* PostsFeedDataSourceDelegate.swift in Sources */,
				79ED4093282CB92D00614A5E /* PostsInteractor.swift in Sources */,
				79E8962D2833004C0079A805 /* PostSectionDetail.swift in Sources */,
				79737C032830642A00A71494 /* ServicesDefinitions.swift in Sources */,
				79E8962F283300C70079A805 /* PostDetailTableViewCell.swift in Sources */,
				79B0E7E9282CB81B007F24E1 /* AppDelegate.swift in Sources */,
				79E896282831AB010079A805 /* UserSectionDetail.swift in Sources */,
				79E896242831AA650079A805 /* AnySection.swift in Sources */,
				79737BFC282F7C2E00A71494 /* DetailInteractor.swift in Sources */,
				79E896162830926D0079A805 /* User.swift in Sources */,
				79ED40A1282CBB8100614A5E /* Post.swift in Sources */,
				79ED409D282CB9B500614A5E /* PostsMainViewController.swift in Sources */,
				79B0E7F3282CB81B007F24E1 /* Zemoga.xcdatamodeld in Sources */,
				79E8961B28316E110079A805 /* CommentViewCell.swift in Sources */,
				79E89611283091CB0079A805 /* PostsUpdater.swift in Sources */,
				79ED4099282CB98D00614A5E /* PostsPresenter.swift in Sources */,
				79737BF6282F7B2E00A71494 /* DetailRouter.swift in Sources */,
				79737BF8282F7B9800A71494 /* DetailPresenter.swift in Sources */,
				79E8961928316DF20079A805 /* UserTableViewCell.swift in Sources */,
				79737C012830641F00A71494 /* Services.swift in Sources */,
				79E89614283092600079A805 /* Comment.swift in Sources */,
				79B0E7EB282CB81B007F24E1 /* SceneDelegate.swift in Sources */,
				79ED40A3282CBE4E00614A5E /* NetworkErrors.swift in Sources */,
			);
			runOnlyForDeploymentPostprocessing = 0;
		};
		79B0E7FA282CB81E007F24E1 /* Sources */ = {
			isa = PBXSourcesBuildPhase;
			buildActionMask = 2147483647;
			files = (
				79E8963328332B410079A805 /* PostsInteractorTests.swift in Sources */,
				79E8963628332C530079A805 /* FakePostServices.swift in Sources */,
			);
			runOnlyForDeploymentPostprocessing = 0;
		};
		79B0E804282CB81E007F24E1 /* Sources */ = {
			isa = PBXSourcesBuildPhase;
			buildActionMask = 2147483647;
			files = (
				79B0E80D282CB81E007F24E1 /* ZemogaUITests.swift in Sources */,
				79B0E80F282CB81E007F24E1 /* ZemogaUITestsLaunchTests.swift in Sources */,
			);
			runOnlyForDeploymentPostprocessing = 0;
		};
/* End PBXSourcesBuildPhase section */

/* Begin PBXTargetDependency section */
		79B0E800282CB81E007F24E1 /* PBXTargetDependency */ = {
			isa = PBXTargetDependency;
			target = 79B0E7E4282CB81B007F24E1 /* Zemoga */;
			targetProxy = 79B0E7FF282CB81E007F24E1 /* PBXContainerItemProxy */;
		};
		79B0E80A282CB81E007F24E1 /* PBXTargetDependency */ = {
			isa = PBXTargetDependency;
			target = 79B0E7E4282CB81B007F24E1 /* Zemoga */;
			targetProxy = 79B0E809282CB81E007F24E1 /* PBXContainerItemProxy */;
		};
/* End PBXTargetDependency section */

/* Begin PBXVariantGroup section */
		79B0E7F6282CB81E007F24E1 /* LaunchScreen.storyboard */ = {
			isa = PBXVariantGroup;
			children = (
				79B0E7F7282CB81E007F24E1 /* Base */,
			);
			name = LaunchScreen.storyboard;
			sourceTree = "<group>";
		};
/* End PBXVariantGroup section */

/* Begin XCBuildConfiguration section */
		79B0E810282CB81E007F24E1 /* Debug */ = {
			isa = XCBuildConfiguration;
			buildSettings = {
				ALWAYS_SEARCH_USER_PATHS = NO;
				CLANG_ANALYZER_NONNULL = YES;
				CLANG_ANALYZER_NUMBER_OBJECT_CONVERSION = YES_AGGRESSIVE;
				CLANG_CXX_LANGUAGE_STANDARD = "gnu++17";
				CLANG_ENABLE_MODULES = YES;
				CLANG_ENABLE_OBJC_ARC = YES;
				CLANG_ENABLE_OBJC_WEAK = YES;
				CLANG_WARN_BLOCK_CAPTURE_AUTORELEASING = YES;
				CLANG_WARN_BOOL_CONVERSION = YES;
				CLANG_WARN_COMMA = YES;
				CLANG_WARN_CONSTANT_CONVERSION = YES;
				CLANG_WARN_DEPRECATED_OBJC_IMPLEMENTATIONS = YES;
				CLANG_WARN_DIRECT_OBJC_ISA_USAGE = YES_ERROR;
				CLANG_WARN_DOCUMENTATION_COMMENTS = YES;
				CLANG_WARN_EMPTY_BODY = YES;
				CLANG_WARN_ENUM_CONVERSION = YES;
				CLANG_WARN_INFINITE_RECURSION = YES;
				CLANG_WARN_INT_CONVERSION = YES;
				CLANG_WARN_NON_LITERAL_NULL_CONVERSION = YES;
				CLANG_WARN_OBJC_IMPLICIT_RETAIN_SELF = YES;
				CLANG_WARN_OBJC_LITERAL_CONVERSION = YES;
				CLANG_WARN_OBJC_ROOT_CLASS = YES_ERROR;
				CLANG_WARN_QUOTED_INCLUDE_IN_FRAMEWORK_HEADER = YES;
				CLANG_WARN_RANGE_LOOP_ANALYSIS = YES;
				CLANG_WARN_STRICT_PROTOTYPES = YES;
				CLANG_WARN_SUSPICIOUS_MOVE = YES;
				CLANG_WARN_UNGUARDED_AVAILABILITY = YES_AGGRESSIVE;
				CLANG_WARN_UNREACHABLE_CODE = YES;
				CLANG_WARN__DUPLICATE_METHOD_MATCH = YES;
				COPY_PHASE_STRIP = NO;
				DEBUG_INFORMATION_FORMAT = dwarf;
				ENABLE_STRICT_OBJC_MSGSEND = YES;
				ENABLE_TESTABILITY = YES;
				GCC_C_LANGUAGE_STANDARD = gnu11;
				GCC_DYNAMIC_NO_PIC = NO;
				GCC_NO_COMMON_BLOCKS = YES;
				GCC_OPTIMIZATION_LEVEL = 0;
				GCC_PREPROCESSOR_DEFINITIONS = (
					"DEBUG=1",
					"$(inherited)",
				);
				GCC_WARN_64_TO_32_BIT_CONVERSION = YES;
				GCC_WARN_ABOUT_RETURN_TYPE = YES_ERROR;
				GCC_WARN_UNDECLARED_SELECTOR = YES;
				GCC_WARN_UNINITIALIZED_AUTOS = YES_AGGRESSIVE;
				GCC_WARN_UNUSED_FUNCTION = YES;
				GCC_WARN_UNUSED_VARIABLE = YES;
				IPHONEOS_DEPLOYMENT_TARGET = 15.4;
				MTL_ENABLE_DEBUG_INFO = INCLUDE_SOURCE;
				MTL_FAST_MATH = YES;
				ONLY_ACTIVE_ARCH = YES;
				SDKROOT = iphoneos;
				SWIFT_ACTIVE_COMPILATION_CONDITIONS = DEBUG;
				SWIFT_OPTIMIZATION_LEVEL = "-Onone";
			};
			name = Debug;
		};
		79B0E811282CB81E007F24E1 /* Release */ = {
			isa = XCBuildConfiguration;
			buildSettings = {
				ALWAYS_SEARCH_USER_PATHS = NO;
				CLANG_ANALYZER_NONNULL = YES;
				CLANG_ANALYZER_NUMBER_OBJECT_CONVERSION = YES_AGGRESSIVE;
				CLANG_CXX_LANGUAGE_STANDARD = "gnu++17";
				CLANG_ENABLE_MODULES = YES;
				CLANG_ENABLE_OBJC_ARC = YES;
				CLANG_ENABLE_OBJC_WEAK = YES;
				CLANG_WARN_BLOCK_CAPTURE_AUTORELEASING = YES;
				CLANG_WARN_BOOL_CONVERSION = YES;
				CLANG_WARN_COMMA = YES;
				CLANG_WARN_CONSTANT_CONVERSION = YES;
				CLANG_WARN_DEPRECATED_OBJC_IMPLEMENTATIONS = YES;
				CLANG_WARN_DIRECT_OBJC_ISA_USAGE = YES_ERROR;
				CLANG_WARN_DOCUMENTATION_COMMENTS = YES;
				CLANG_WARN_EMPTY_BODY = YES;
				CLANG_WARN_ENUM_CONVERSION = YES;
				CLANG_WARN_INFINITE_RECURSION = YES;
				CLANG_WARN_INT_CONVERSION = YES;
				CLANG_WARN_NON_LITERAL_NULL_CONVERSION = YES;
				CLANG_WARN_OBJC_IMPLICIT_RETAIN_SELF = YES;
				CLANG_WARN_OBJC_LITERAL_CONVERSION = YES;
				CLANG_WARN_OBJC_ROOT_CLASS = YES_ERROR;
				CLANG_WARN_QUOTED_INCLUDE_IN_FRAMEWORK_HEADER = YES;
				CLANG_WARN_RANGE_LOOP_ANALYSIS = YES;
				CLANG_WARN_STRICT_PROTOTYPES = YES;
				CLANG_WARN_SUSPICIOUS_MOVE = YES;
				CLANG_WARN_UNGUARDED_AVAILABILITY = YES_AGGRESSIVE;
				CLANG_WARN_UNREACHABLE_CODE = YES;
				CLANG_WARN__DUPLICATE_METHOD_MATCH = YES;
				COPY_PHASE_STRIP = NO;
				DEBUG_INFORMATION_FORMAT = "dwarf-with-dsym";
				ENABLE_NS_ASSERTIONS = NO;
				ENABLE_STRICT_OBJC_MSGSEND = YES;
				GCC_C_LANGUAGE_STANDARD = gnu11;
				GCC_NO_COMMON_BLOCKS = YES;
				GCC_WARN_64_TO_32_BIT_CONVERSION = YES;
				GCC_WARN_ABOUT_RETURN_TYPE = YES_ERROR;
				GCC_WARN_UNDECLARED_SELECTOR = YES;
				GCC_WARN_UNINITIALIZED_AUTOS = YES_AGGRESSIVE;
				GCC_WARN_UNUSED_FUNCTION = YES;
				GCC_WARN_UNUSED_VARIABLE = YES;
				IPHONEOS_DEPLOYMENT_TARGET = 15.4;
				MTL_ENABLE_DEBUG_INFO = NO;
				MTL_FAST_MATH = YES;
				SDKROOT = iphoneos;
				SWIFT_COMPILATION_MODE = wholemodule;
				SWIFT_OPTIMIZATION_LEVEL = "-O";
				VALIDATE_PRODUCT = YES;
			};
			name = Release;
		};
		79B0E813282CB81E007F24E1 /* Debug */ = {
			isa = XCBuildConfiguration;
			buildSettings = {
				ASSETCATALOG_COMPILER_APPICON_NAME = AppIcon;
				ASSETCATALOG_COMPILER_GLOBAL_ACCENT_COLOR_NAME = AccentColor;
				CODE_SIGN_STYLE = Automatic;
				CURRENT_PROJECT_VERSION = 1;
				GENERATE_INFOPLIST_FILE = YES;
				INFOPLIST_FILE = Zemoga/Info.plist;
				INFOPLIST_KEY_UIApplicationSupportsIndirectInputEvents = YES;
				INFOPLIST_KEY_UILaunchStoryboardName = LaunchScreen;
				INFOPLIST_KEY_UISupportedInterfaceOrientations_iPad = "UIInterfaceOrientationPortrait UIInterfaceOrientationPortraitUpsideDown UIInterfaceOrientationLandscapeLeft UIInterfaceOrientationLandscapeRight";
				INFOPLIST_KEY_UISupportedInterfaceOrientations_iPhone = "UIInterfaceOrientationPortrait UIInterfaceOrientationLandscapeLeft UIInterfaceOrientationLandscapeRight";
				LD_RUNPATH_SEARCH_PATHS = (
					"$(inherited)",
					"@executable_path/Frameworks",
				);
				MARKETING_VERSION = 1.0;
				PRODUCT_BUNDLE_IDENTIFIER = darius.Zemoga;
				PRODUCT_NAME = "$(TARGET_NAME)";
				SWIFT_EMIT_LOC_STRINGS = YES;
				SWIFT_VERSION = 5.0;
				TARGETED_DEVICE_FAMILY = "1,2";
			};
			name = Debug;
		};
		79B0E814282CB81E007F24E1 /* Release */ = {
			isa = XCBuildConfiguration;
			buildSettings = {
				ASSETCATALOG_COMPILER_APPICON_NAME = AppIcon;
				ASSETCATALOG_COMPILER_GLOBAL_ACCENT_COLOR_NAME = AccentColor;
				CODE_SIGN_STYLE = Automatic;
				CURRENT_PROJECT_VERSION = 1;
				GENERATE_INFOPLIST_FILE = YES;
				INFOPLIST_FILE = Zemoga/Info.plist;
				INFOPLIST_KEY_UIApplicationSupportsIndirectInputEvents = YES;
				INFOPLIST_KEY_UILaunchStoryboardName = LaunchScreen;
				INFOPLIST_KEY_UISupportedInterfaceOrientations_iPad = "UIInterfaceOrientationPortrait UIInterfaceOrientationPortraitUpsideDown UIInterfaceOrientationLandscapeLeft UIInterfaceOrientationLandscapeRight";
				INFOPLIST_KEY_UISupportedInterfaceOrientations_iPhone = "UIInterfaceOrientationPortrait UIInterfaceOrientationLandscapeLeft UIInterfaceOrientationLandscapeRight";
				LD_RUNPATH_SEARCH_PATHS = (
					"$(inherited)",
					"@executable_path/Frameworks",
				);
				MARKETING_VERSION = 1.0;
				PRODUCT_BUNDLE_IDENTIFIER = darius.Zemoga;
				PRODUCT_NAME = "$(TARGET_NAME)";
				SWIFT_EMIT_LOC_STRINGS = YES;
				SWIFT_VERSION = 5.0;
				TARGETED_DEVICE_FAMILY = "1,2";
			};
			name = Release;
		};
		79B0E816282CB81E007F24E1 /* Debug */ = {
			isa = XCBuildConfiguration;
			buildSettings = {
				ALWAYS_EMBED_SWIFT_STANDARD_LIBRARIES = YES;
				BUNDLE_LOADER = "$(TEST_HOST)";
				CODE_SIGN_STYLE = Automatic;
				CURRENT_PROJECT_VERSION = 1;
				GENERATE_INFOPLIST_FILE = YES;
				IPHONEOS_DEPLOYMENT_TARGET = 15.4;
				MARKETING_VERSION = 1.0;
				PRODUCT_BUNDLE_IDENTIFIER = darius.ZemogaTests;
				PRODUCT_NAME = "$(TARGET_NAME)";
				SWIFT_EMIT_LOC_STRINGS = NO;
				SWIFT_VERSION = 5.0;
				TARGETED_DEVICE_FAMILY = "1,2";
				TEST_HOST = "$(BUILT_PRODUCTS_DIR)/Zemoga.app/Zemoga";
			};
			name = Debug;
		};
		79B0E817282CB81E007F24E1 /* Release */ = {
			isa = XCBuildConfiguration;
			buildSettings = {
				ALWAYS_EMBED_SWIFT_STANDARD_LIBRARIES = YES;
				BUNDLE_LOADER = "$(TEST_HOST)";
				CODE_SIGN_STYLE = Automatic;
				CURRENT_PROJECT_VERSION = 1;
				GENERATE_INFOPLIST_FILE = YES;
				IPHONEOS_DEPLOYMENT_TARGET = 15.4;
				MARKETING_VERSION = 1.0;
				PRODUCT_BUNDLE_IDENTIFIER = darius.ZemogaTests;
				PRODUCT_NAME = "$(TARGET_NAME)";
				SWIFT_EMIT_LOC_STRINGS = NO;
				SWIFT_VERSION = 5.0;
				TARGETED_DEVICE_FAMILY = "1,2";
				TEST_HOST = "$(BUILT_PRODUCTS_DIR)/Zemoga.app/Zemoga";
			};
			name = Release;
		};
		79B0E819282CB81E007F24E1 /* Debug */ = {
			isa = XCBuildConfiguration;
			buildSettings = {
				ALWAYS_EMBED_SWIFT_STANDARD_LIBRARIES = YES;
				CODE_SIGN_STYLE = Automatic;
				CURRENT_PROJECT_VERSION = 1;
				GENERATE_INFOPLIST_FILE = YES;
				MARKETING_VERSION = 1.0;
				PRODUCT_BUNDLE_IDENTIFIER = darius.ZemogaUITests;
				PRODUCT_NAME = "$(TARGET_NAME)";
				SWIFT_EMIT_LOC_STRINGS = NO;
				SWIFT_VERSION = 5.0;
				TARGETED_DEVICE_FAMILY = "1,2";
				TEST_TARGET_NAME = Zemoga;
			};
			name = Debug;
		};
		79B0E81A282CB81E007F24E1 /* Release */ = {
			isa = XCBuildConfiguration;
			buildSettings = {
				ALWAYS_EMBED_SWIFT_STANDARD_LIBRARIES = YES;
				CODE_SIGN_STYLE = Automatic;
				CURRENT_PROJECT_VERSION = 1;
				GENERATE_INFOPLIST_FILE = YES;
				MARKETING_VERSION = 1.0;
				PRODUCT_BUNDLE_IDENTIFIER = darius.ZemogaUITests;
				PRODUCT_NAME = "$(TARGET_NAME)";
				SWIFT_EMIT_LOC_STRINGS = NO;
				SWIFT_VERSION = 5.0;
				TARGETED_DEVICE_FAMILY = "1,2";
				TEST_TARGET_NAME = Zemoga;
			};
			name = Release;
		};
/* End XCBuildConfiguration section */

/* Begin XCConfigurationList section */
		79B0E7E0282CB81B007F24E1 /* Build configuration list for PBXProject "Zemoga" */ = {
			isa = XCConfigurationList;
			buildConfigurations = (
				79B0E810282CB81E007F24E1 /* Debug */,
				79B0E811282CB81E007F24E1 /* Release */,
			);
			defaultConfigurationIsVisible = 0;
			defaultConfigurationName = Release;
		};
		79B0E812282CB81E007F24E1 /* Build configuration list for PBXNativeTarget "Zemoga" */ = {
			isa = XCConfigurationList;
			buildConfigurations = (
				79B0E813282CB81E007F24E1 /* Debug */,
				79B0E814282CB81E007F24E1 /* Release */,
			);
			defaultConfigurationIsVisible = 0;
			defaultConfigurationName = Release;
		};
		79B0E815282CB81E007F24E1 /* Build configuration list for PBXNativeTarget "ZemogaTests" */ = {
			isa = XCConfigurationList;
			buildConfigurations = (
				79B0E816282CB81E007F24E1 /* Debug */,
				79B0E817282CB81E007F24E1 /* Release */,
			);
			defaultConfigurationIsVisible = 0;
			defaultConfigurationName = Release;
		};
		79B0E818282CB81E007F24E1 /* Build configuration list for PBXNativeTarget "ZemogaUITests" */ = {
			isa = XCConfigurationList;
			buildConfigurations = (
				79B0E819282CB81E007F24E1 /* Debug */,
				79B0E81A282CB81E007F24E1 /* Release */,
			);
			defaultConfigurationIsVisible = 0;
			defaultConfigurationName = Release;
		};
/* End XCConfigurationList section */

/* Begin XCVersionGroup section */
		79B0E7F1282CB81B007F24E1 /* Zemoga.xcdatamodeld */ = {
			isa = XCVersionGroup;
			children = (
				79B0E7F2282CB81B007F24E1 /* Zemoga.xcdatamodel */,
			);
			currentVersion = 79B0E7F2282CB81B007F24E1 /* Zemoga.xcdatamodel */;
			path = Zemoga.xcdatamodeld;
			sourceTree = "<group>";
			versionGroupType = wrapper.xcdatamodel;
		};
/* End XCVersionGroup section */
	};
	rootObject = 79B0E7DD282CB81B007F24E1 /* Project object */;
}
